
Microsoft Visual Studio Solution File, Format Version 12.00
# Visual Studio Version 17
VisualStudioVersion = 17.0.32014.148
MinimumVisualStudioVersion = 10.0.40219.1
Project("{FAE04EC0-301F-11D3-BF4B-00C04F79EFBC}") = "010EditorKeygen", "010EditorKeygen\010EditorKeygen.csproj", "{3D95CD72-D57D-400D-A374-0AF9DFFE5747}"
EndProject
Project("{FAE04EC0-301F-11D3-BF4B-00C04F79EFBC}") = "EditorServer", "EditorServer\EditorServer.csproj", "{AA19C988-98FB-47D9-97A1-59B905F22133}"
EndProject
Global
	GlobalSection(SolutionConfigurationPlatforms) = preSolution
		Debug|Any CPU = Debug|Any CPU
		Release|Any CPU = Release|Any CPU
	EndGlobalSection
	GlobalSection(ProjectConfigurationPlatforms) = postSolution
		{3D95CD72-D57D-400D-A374-0AF9DFFE5747}.Debug|Any CPU.ActiveCfg = Debug|Any CPU
		{3D95CD72-D57D-400D-A374-0AF9DFFE5747}.Debug|Any CPU.Build.0 = Debug|Any CPU
		{3D95CD72-D57D-400D-A374-0AF9DFFE5747}.Release|Any CPU.ActiveCfg = Release|Any CPU
		{3D95CD72-D57D-400D-A374-0AF9DFFE5747}.Release|Any CPU.Build.0 = Release|Any CPU
		{AA19C988-98FB-47D9-97A1-59B905F22133}.Debug|Any CPU.ActiveCfg = Debug|Any CPU
		{AA19C988-98FB-47D9-97A1-59B905F22133}.Debug|Any CPU.Build.0 = Debug|Any CPU
		{AA19C988-98FB-47D9-97A1-59B905F22133}.Release|Any CPU.ActiveCfg = Release|Any CPU
		{AA19C988-98FB-47D9-97A1-59B905F22133}.Release|Any CPU.Build.0 = Release|Any CPU
	EndGlobalSection
	GlobalSection(SolutionProperties) = preSolution
		HideSolutionNode = FALSE
	EndGlobalSection
	GlobalSection(ExtensibilityGlobals) = postSolution
		SolutionGuid = {E6E50610-C8CB-4AFB-86BA-859B5C6015BE}
	EndGlobalSection
EndGlobal
